
Microsoft Visual Studio Solution File, Format Version 12.00
# Visual Studio Version 17
VisualStudioVersion = 17.8.34322.80
MinimumVisualStudioVersion = 10.0.40219.1
Project("{FAE04EC0-301F-11D3-BF4B-00C04F79EFBC}") = "KMS.Web", "KMS.Web\KMS.Web.csproj", "{6F4AB47C-ECF3-5CF4-518E-344619380029}"
EndProject
Project("{FAE04EC0-301F-11D3-BF4B-00C04F79EFBC}") = "KMS.Api", "KMS.Api\KMS.Api.csproj", "{A61261FB-557C-B489-7185-66C37D56739F}"
EndProject
Project("{FAE04EC0-301F-11D3-BF4B-00C04F79EFBC}") = "KMS.Shared", "KMS.Shared\KMS.Shared.csproj", "{83CC2D58-5CB1-4E23-B619-9E8D7BFA3690}"
EndProject
Global
	GlobalSection(SolutionConfigurationPlatforms) = preSolution
		Debug|Any CPU = Debug|Any CPU
		Release|Any CPU = Release|Any CPU
	EndGlobalSection
	GlobalSection(ProjectConfigurationPlatforms) = postSolution
		{6F4AB47C-ECF3-5CF4-518E-344619380029}.Debug|Any CPU.ActiveCfg = Debug|Any CPU
		{6F4AB47C-ECF3-5CF4-518E-344619380029}.Debug|Any CPU.Build.0 = Debug|Any CPU
		{6F4AB47C-ECF3-5CF4-518E-344619380029}.Release|Any CPU.ActiveCfg = Release|Any CPU
		{6F4AB47C-ECF3-5CF4-518E-344619380029}.Release|Any CPU.Build.0 = Release|Any CPU
		{A61261FB-557C-B489-7185-66C37D56739F}.Debug|Any CPU.ActiveCfg = Debug|Any CPU
		{A61261FB-557C-B489-7185-66C37D56739F}.Debug|Any CPU.Build.0 = Debug|Any CPU
		{A61261FB-557C-B489-7185-66C37D56739F}.Release|Any CPU.ActiveCfg = Release|Any CPU
		{A61261FB-557C-B489-7185-66C37D56739F}.Release|Any CPU.Build.0 = Release|Any CPU
		{83CC2D58-5CB1-4E23-B619-9E8D7BFA3690}.Debug|Any CPU.ActiveCfg = Debug|Any CPU
		{83CC2D58-5CB1-4E23-B619-9E8D7BFA3690}.Debug|Any CPU.Build.0 = Debug|Any CPU
		{83CC2D58-5CB1-4E23-B619-9E8D7BFA3690}.Release|Any CPU.ActiveCfg = Release|Any CPU
		{83CC2D58-5CB1-4E23-B619-9E8D7BFA3690}.Release|Any CPU.Build.0 = Release|Any CPU
	EndGlobalSection
	GlobalSection(SolutionProperties) = preSolution
		HideSolutionNode = FALSE
	EndGlobalSection
	GlobalSection(ExtensibilityGlobals) = postSolution
		SolutionGuid = {87219CAC-2004-47AC-B878-F3BA034B67FE}
	EndGlobalSection
EndGlobal
